// !$*UTF8*$!
{
	archiveVersion = 1;
	classes = {
	};
	objectVersion = 55;
	objects = {

/* Begin PBXBuildFile section */
		CFD3AC1327ED656E00075868 /* MyExtractApp.swift in Sources */ = {isa = PBXBuildFile; fileRef = CFD3AC1227ED656E00075868 /* MyExtractApp.swift */; };
		CFD3AC1727ED657000075868 /* Assets.xcassets in Resources */ = {isa = PBXBuildFile; fileRef = CFD3AC1627ED657000075868 /* Assets.xcassets */; };
		CFD3AC1A27ED657000075868 /* Preview Assets.xcassets in Resources */ = {isa = PBXBuildFile; fileRef = CFD3AC1927ED657000075868 /* Preview Assets.xcassets */; };
		CFD3AC2427ED657000075868 /* MyExtractTests.swift in Sources */ = {isa = PBXBuildFile; fileRef = CFD3AC2327ED657000075868 /* MyExtractTests.swift */; };
		CFD3AC2E27ED657000075868 /* MyExtractUITests.swift in Sources */ = {isa = PBXBuildFile; fileRef = CFD3AC2D27ED657000075868 /* MyExtractUITests.swift */; };
		CFD3AC3027ED657000075868 /* MyExtractUITestsLaunchTests.swift in Sources */ = {isa = PBXBuildFile; fileRef = CFD3AC2F27ED657000075868 /* MyExtractUITestsLaunchTests.swift */; };
		CFD3AC3F27ED65AF00075868 /* Statement.swift in Sources */ = {isa = PBXBuildFile; fileRef = CFD3AC3E27ED65AF00075868 /* Statement.swift */; };
		CFD3AC4627ED65D900075868 /* AddStatementService.swift in Sources */ = {isa = PBXBuildFile; fileRef = CFD3AC4327ED65D900075868 /* AddStatementService.swift */; };
		CFD3AC4727ED65D900075868 /* AddStatementViewModel.swift in Sources */ = {isa = PBXBuildFile; fileRef = CFD3AC4427ED65D900075868 /* AddStatementViewModel.swift */; };
		CFD3AC4827ED65D900075868 /* AddStatementView.swift in Sources */ = {isa = PBXBuildFile; fileRef = CFD3AC4527ED65D900075868 /* AddStatementView.swift */; };
		CFD3AC4C27ED65E100075868 /* LoginView.swift in Sources */ = {isa = PBXBuildFile; fileRef = CFD3AC4927ED65E100075868 /* LoginView.swift */; };
		CFD3AC4D27ED65E100075868 /* LoginViewModel.swift in Sources */ = {isa = PBXBuildFile; fileRef = CFD3AC4A27ED65E100075868 /* LoginViewModel.swift */; };
		CFD3AC4E27ED65E100075868 /* LoginService.swift in Sources */ = {isa = PBXBuildFile; fileRef = CFD3AC4B27ED65E100075868 /* LoginService.swift */; };
		CFD3AC5227ED65EB00075868 /* StatementService.swift in Sources */ = {isa = PBXBuildFile; fileRef = CFD3AC4F27ED65EB00075868 /* StatementService.swift */; };
		CFD3AC5327ED65EB00075868 /* StatementViewModel.swift in Sources */ = {isa = PBXBuildFile; fileRef = CFD3AC5027ED65EB00075868 /* StatementViewModel.swift */; };
		CFD3AC5427ED65EB00075868 /* StatementView.swift in Sources */ = {isa = PBXBuildFile; fileRef = CFD3AC5127ED65EB00075868 /* StatementView.swift */; };
/* End PBXBuildFile section */

/* Begin PBXContainerItemProxy section */
		CFD3AC2027ED657000075868 /* PBXContainerItemProxy */ = {
			isa = PBXContainerItemProxy;
			containerPortal = CFD3AC0727ED656E00075868 /* Project object */;
			proxyType = 1;
			remoteGlobalIDString = CFD3AC0E27ED656E00075868;
			remoteInfo = MyExtract;
		};
		CFD3AC2A27ED657000075868 /* PBXContainerItemProxy */ = {
			isa = PBXContainerItemProxy;
			containerPortal = CFD3AC0727ED656E00075868 /* Project object */;
			proxyType = 1;
			remoteGlobalIDString = CFD3AC0E27ED656E00075868;
			remoteInfo = MyExtract;
		};
/* End PBXContainerItemProxy section */

/* Begin PBXFileReference section */
		CFD3AC0F27ED656E00075868 /* MyExtract.app */ = {isa = PBXFileReference; explicitFileType = wrapper.application; includeInIndex = 0; path = MyExtract.app; sourceTree = BUILT_PRODUCTS_DIR; };
		CFD3AC1227ED656E00075868 /* MyExtractApp.swift */ = {isa = PBXFileReference; lastKnownFileType = sourcecode.swift; path = MyExtractApp.swift; sourceTree = "<group>"; };
		CFD3AC1627ED657000075868 /* Assets.xcassets */ = {isa = PBXFileReference; lastKnownFileType = folder.assetcatalog; path = Assets.xcassets; sourceTree = "<group>"; };
		CFD3AC1927ED657000075868 /* Preview Assets.xcassets */ = {isa = PBXFileReference; lastKnownFileType = folder.assetcatalog; path = "Preview Assets.xcassets"; sourceTree = "<group>"; };
		CFD3AC1F27ED657000075868 /* MyExtractTests.xctest */ = {isa = PBXFileReference; explicitFileType = wrapper.cfbundle; includeInIndex = 0; path = MyExtractTests.xctest; sourceTree = BUILT_PRODUCTS_DIR; };
		CFD3AC2327ED657000075868 /* MyExtractTests.swift */ = {isa = PBXFileReference; lastKnownFileType = sourcecode.swift; path = MyExtractTests.swift; sourceTree = "<group>"; };
		CFD3AC2927ED657000075868 /* MyExtractUITests.xctest */ = {isa = PBXFileReference; explicitFileType = wrapper.cfbundle; includeInIndex = 0; path = MyExtractUITests.xctest; sourceTree = BUILT_PRODUCTS_DIR; };
		CFD3AC2D27ED657000075868 /* MyExtractUITests.swift */ = {isa = PBXFileReference; lastKnownFileType = sourcecode.swift; path = MyExtractUITests.swift; sourceTree = "<group>"; };
		CFD3AC2F27ED657000075868 /* MyExtractUITestsLaunchTests.swift */ = {isa = PBXFileReference; lastKnownFileType = sourcecode.swift; path = MyExtractUITestsLaunchTests.swift; sourceTree = "<group>"; };
		CFD3AC3E27ED65AF00075868 /* Statement.swift */ = {isa = PBXFileReference; fileEncoding = 4; lastKnownFileType = sourcecode.swift; path = Statement.swift; sourceTree = "<group>"; };
		CFD3AC4327ED65D900075868 /* AddStatementService.swift */ = {isa = PBXFileReference; fileEncoding = 4; lastKnownFileType = sourcecode.swift; path = AddStatementService.swift; sourceTree = "<group>"; };
		CFD3AC4427ED65D900075868 /* AddStatementViewModel.swift */ = {isa = PBXFileReference; fileEncoding = 4; lastKnownFileType = sourcecode.swift; path = AddStatementViewModel.swift; sourceTree = "<group>"; };
		CFD3AC4527ED65D900075868 /* AddStatementView.swift */ = {isa = PBXFileReference; fileEncoding = 4; lastKnownFileType = sourcecode.swift; path = AddStatementView.swift; sourceTree = "<group>"; };
		CFD3AC4927ED65E100075868 /* LoginView.swift */ = {isa = PBXFileReference; fileEncoding = 4; lastKnownFileType = sourcecode.swift; path = LoginView.swift; sourceTree = "<group>"; };
		CFD3AC4A27ED65E100075868 /* LoginViewModel.swift */ = {isa = PBXFileReference; fileEncoding = 4; lastKnownFileType = sourcecode.swift; path = LoginViewModel.swift; sourceTree = "<group>"; };
		CFD3AC4B27ED65E100075868 /* LoginService.swift */ = {isa = PBXFileReference; fileEncoding = 4; lastKnownFileType = sourcecode.swift; path = LoginService.swift; sourceTree = "<group>"; };
		CFD3AC4F27ED65EB00075868 /* StatementService.swift */ = {isa = PBXFileReference; fileEncoding = 4; lastKnownFileType = sourcecode.swift; path = StatementService.swift; sourceTree = "<group>"; };
		CFD3AC5027ED65EB00075868 /* StatementViewModel.swift */ = {isa = PBXFileReference; fileEncoding = 4; lastKnownFileType = sourcecode.swift; path = StatementViewModel.swift; sourceTree = "<group>"; };
		CFD3AC5127ED65EB00075868 /* StatementView.swift */ = {isa = PBXFileReference; fileEncoding = 4; lastKnownFileType = sourcecode.swift; path = StatementView.swift; sourceTree = "<group>"; };
/* End PBXFileReference section */

/* Begin PBXFrameworksBuildPhase section */
		CFD3AC0C27ED656E00075868 /* Frameworks */ = {
			isa = PBXFrameworksBuildPhase;
			buildActionMask = 2147483647;
			files = (
			);
			runOnlyForDeploymentPostprocessing = 0;
		};
		CFD3AC1C27ED657000075868 /* Frameworks */ = {
			isa = PBXFrameworksBuildPhase;
			buildActionMask = 2147483647;
			files = (
			);
			runOnlyForDeploymentPostprocessing = 0;
		};
		CFD3AC2627ED657000075868 /* Frameworks */ = {
			isa = PBXFrameworksBuildPhase;
			buildActionMask = 2147483647;
			files = (
			);
			runOnlyForDeploymentPostprocessing = 0;
		};
/* End PBXFrameworksBuildPhase section */

/* Begin PBXGroup section */
		CFD3AC0627ED656E00075868 = {
			isa = PBXGroup;
			children = (
				CFD3AC1127ED656E00075868 /* MyExtract */,
				CFD3AC2227ED657000075868 /* MyExtractTests */,
				CFD3AC2C27ED657000075868 /* MyExtractUITests */,
				CFD3AC1027ED656E00075868 /* Products */,
			);
			sourceTree = "<group>";
		};
		CFD3AC1027ED656E00075868 /* Products */ = {
			isa = PBXGroup;
			children = (
				CFD3AC0F27ED656E00075868 /* MyExtract.app */,
				CFD3AC1F27ED657000075868 /* MyExtractTests.xctest */,
				CFD3AC2927ED657000075868 /* MyExtractUITests.xctest */,
			);
			name = Products;
			sourceTree = "<group>";
		};
		CFD3AC1127ED656E00075868 /* MyExtract */ = {
			isa = PBXGroup;
			children = (
				CFD3AC3D27ED65A500075868 /* Model */,
				CFD3AC3C27ED65A000075868 /* View */,
				CFD3AC1227ED656E00075868 /* MyExtractApp.swift */,
				CFD3AC1627ED657000075868 /* Assets.xcassets */,
				CFD3AC1827ED657000075868 /* Preview Content */,
			);
			path = MyExtract;
			sourceTree = "<group>";
		};
		CFD3AC1827ED657000075868 /* Preview Content */ = {
			isa = PBXGroup;
			children = (
				CFD3AC1927ED657000075868 /* Preview Assets.xcassets */,
			);
			path = "Preview Content";
			sourceTree = "<group>";
		};
		CFD3AC2227ED657000075868 /* MyExtractTests */ = {
			isa = PBXGroup;
			children = (
				CFD3AC2327ED657000075868 /* MyExtractTests.swift */,
			);
			path = MyExtractTests;
			sourceTree = "<group>";
		};
		CFD3AC2C27ED657000075868 /* MyExtractUITests */ = {
			isa = PBXGroup;
			children = (
				CFD3AC2D27ED657000075868 /* MyExtractUITests.swift */,
				CFD3AC2F27ED657000075868 /* MyExtractUITestsLaunchTests.swift */,
			);
			path = MyExtractUITests;
			sourceTree = "<group>";
		};
		CFD3AC3C27ED65A000075868 /* View */ = {
			isa = PBXGroup;
			children = (
				CFD3AC4227ED65CB00075868 /* Statements */,
				CFD3AC4127ED65C500075868 /* Login */,
				CFD3AC4027ED65BD00075868 /* AddStatement */,
			);
			path = View;
			sourceTree = "<group>";
		};
		CFD3AC3D27ED65A500075868 /* Model */ = {
			isa = PBXGroup;
			children = (
				CFD3AC3E27ED65AF00075868 /* Statement.swift */,
			);
			path = Model;
			sourceTree = "<group>";
		};
		CFD3AC4027ED65BD00075868 /* AddStatement */ = {
			isa = PBXGroup;
			children = (
				CFD3AC4327ED65D900075868 /* AddStatementService.swift */,
				CFD3AC4527ED65D900075868 /* AddStatementView.swift */,
				CFD3AC4427ED65D900075868 /* AddStatementViewModel.swift */,
			);
			path = AddStatement;
			sourceTree = "<group>";
		};
		CFD3AC4127ED65C500075868 /* Login */ = {
			isa = PBXGroup;
			children = (
				CFD3AC4B27ED65E100075868 /* LoginService.swift */,
				CFD3AC4927ED65E100075868 /* LoginView.swift */,
				CFD3AC4A27ED65E100075868 /* LoginViewModel.swift */,
			);
			path = Login;
			sourceTree = "<group>";
		};
		CFD3AC4227ED65CB00075868 /* Statements */ = {
			isa = PBXGroup;
			children = (
				CFD3AC4F27ED65EB00075868 /* StatementService.swift */,
				CFD3AC5127ED65EB00075868 /* StatementView.swift */,
				CFD3AC5027ED65EB00075868 /* StatementViewModel.swift */,
			);
			path = Statements;
			sourceTree = "<group>";
		};
/* End PBXGroup section */

/* Begin PBXNativeTarget section */
		CFD3AC0E27ED656E00075868 /* MyExtract */ = {
			isa = PBXNativeTarget;
			buildConfigurationList = CFD3AC3327ED657000075868 /* Build configuration list for PBXNativeTarget "MyExtract" */;
			buildPhases = (
				CFD3AC0B27ED656E00075868 /* Sources */,
				CFD3AC0C27ED656E00075868 /* Frameworks */,
				CFD3AC0D27ED656E00075868 /* Resources */,
			);
			buildRules = (
			);
			dependencies = (
			);
			name = MyExtract;
			productName = MyExtract;
			productReference = CFD3AC0F27ED656E00075868 /* MyExtract.app */;
			productType = "com.apple.product-type.application";
		};
		CFD3AC1E27ED657000075868 /* MyExtractTests */ = {
			isa = PBXNativeTarget;
			buildConfigurationList = CFD3AC3627ED657000075868 /* Build configuration list for PBXNativeTarget "MyExtractTests" */;
			buildPhases = (
				CFD3AC1B27ED657000075868 /* Sources */,
				CFD3AC1C27ED657000075868 /* Frameworks */,
				CFD3AC1D27ED657000075868 /* Resources */,
			);
			buildRules = (
			);
			dependencies = (
				CFD3AC2127ED657000075868 /* PBXTargetDependency */,
			);
			name = MyExtractTests;
			productName = MyExtractTests;
			productReference = CFD3AC1F27ED657000075868 /* MyExtractTests.xctest */;
			productType = "com.apple.product-type.bundle.unit-test";
		};
		CFD3AC2827ED657000075868 /* MyExtractUITests */ = {
			isa = PBXNativeTarget;
			buildConfigurationList = CFD3AC3927ED657000075868 /* Build configuration list for PBXNativeTarget "MyExtractUITests" */;
			buildPhases = (
				CFD3AC2527ED657000075868 /* Sources */,
				CFD3AC2627ED657000075868 /* Frameworks */,
				CFD3AC2727ED657000075868 /* Resources */,
			);
			buildRules = (
			);
			dependencies = (
				CFD3AC2B27ED657000075868 /* PBXTargetDependency */,
			);
			name = MyExtractUITests;
			productName = MyExtractUITests;
			productReference = CFD3AC2927ED657000075868 /* MyExtractUITests.xctest */;
			productType = "com.apple.product-type.bundle.ui-testing";
		};
/* End PBXNativeTarget section */

/* Begin PBXProject section */
		CFD3AC0727ED656E00075868 /* Project object */ = {
			isa = PBXProject;
			attributes = {
				BuildIndependentTargetsInParallel = 1;
				LastSwiftUpdateCheck = 1310;
				LastUpgradeCheck = 1310;
				TargetAttributes = {
					CFD3AC0E27ED656E00075868 = {
						CreatedOnToolsVersion = 13.1;
					};
					CFD3AC1E27ED657000075868 = {
						CreatedOnToolsVersion = 13.1;
						TestTargetID = CFD3AC0E27ED656E00075868;
					};
					CFD3AC2827ED657000075868 = {
						CreatedOnToolsVersion = 13.1;
						TestTargetID = CFD3AC0E27ED656E00075868;
					};
				};
			};
			buildConfigurationList = CFD3AC0A27ED656E00075868 /* Build configuration list for PBXProject "MyExtract" */;
			compatibilityVersion = "Xcode 13.0";
			developmentRegion = en;
			hasScannedForEncodings = 0;
			knownRegions = (
				en,
				Base,
			);
			mainGroup = CFD3AC0627ED656E00075868;
			productRefGroup = CFD3AC1027ED656E00075868 /* Products */;
			projectDirPath = "";
			projectRoot = "";
			targets = (
				CFD3AC0E27ED656E00075868 /* MyExtract */,
				CFD3AC1E27ED657000075868 /* MyExtractTests */,
				CFD3AC2827ED657000075868 /* MyExtractUITests */,
			);
		};
/* End PBXProject section */

/* Begin PBXResourcesBuildPhase section */
		CFD3AC0D27ED656E00075868 /* Resources */ = {
			isa = PBXResourcesBuildPhase;
			buildActionMask = 2147483647;
			files = (
				CFD3AC1A27ED657000075868 /* Preview Assets.xcassets in Resources */,
				CFD3AC1727ED657000075868 /* Assets.xcassets in Resources */,
			);
			runOnlyForDeploymentPostprocessing = 0;
		};
		CFD3AC1D27ED657000075868 /* Resources */ = {
			isa = PBXResourcesBuildPhase;
			buildActionMask = 2147483647;
			files = (
			);
			runOnlyForDeploymentPostprocessing = 0;
		};
		CFD3AC2727ED657000075868 /* Resources */ = {
			isa = PBXResourcesBuildPhase;
			buildActionMask = 2147483647;
			files = (
			);
			runOnlyForDeploymentPostprocessing = 0;
		};
/* End PBXResourcesBuildPhase section */

/* Begin PBXSourcesBuildPhase section */
		CFD3AC0B27ED656E00075868 /* Sources */ = {
			isa = PBXSourcesBuildPhase;
			buildActionMask = 2147483647;
			files = (
				CFD3AC4827ED65D900075868 /* AddStatementView.swift in Sources */,
				CFD3AC4C27ED65E100075868 /* LoginView.swift in Sources */,
				CFD3AC5327ED65EB00075868 /* StatementViewModel.swift in Sources */,
				CFD3AC3F27ED65AF00075868 /* Statement.swift in Sources */,
				CFD3AC4727ED65D900075868 /* AddStatementViewModel.swift in Sources */,
				CFD3AC4E27ED65E100075868 /* LoginService.swift in Sources */,
				CFD3AC4D27ED65E100075868 /* LoginViewModel.swift in Sources */,
				CFD3AC5227ED65EB00075868 /* StatementService.swift in Sources */,
				CFD3AC1327ED656E00075868 /* MyExtractApp.swift in Sources */,
				CFD3AC5427ED65EB00075868 /* StatementView.swift in Sources */,
				CFD3AC4627ED65D900075868 /* AddStatementService.swift in Sources */,
			);
			runOnlyForDeploymentPostprocessing = 0;
		};
		CFD3AC1B27ED657000075868 /* Sources */ = {
			isa = PBXSourcesBuildPhase;
			buildActionMask = 2147483647;
			files = (
				CFD3AC2427ED657000075868 /* MyExtractTests.swift in Sources */,
			);
			runOnlyForDeploymentPostprocessing = 0;
		};
		CFD3AC2527ED657000075868 /* Sources */ = {
			isa = PBXSourcesBuildPhase;
			buildActionMask = 2147483647;
			files = (
				CFD3AC3027ED657000075868 /* MyExtractUITestsLaunchTests.swift in Sources */,
				CFD3AC2E27ED657000075868 /* MyExtractUITests.swift in Sources */,
			);
			runOnlyForDeploymentPostprocessing = 0;
		};
/* End PBXSourcesBuildPhase section */

/* Begin PBXTargetDependency section */
		CFD3AC2127ED657000075868 /* PBXTargetDependency */ = {
			isa = PBXTargetDependency;
			target = CFD3AC0E27ED656E00075868 /* MyExtract */;
			targetProxy = CFD3AC2027ED657000075868 /* PBXContainerItemProxy */;
		};
		CFD3AC2B27ED657000075868 /* PBXTargetDependency */ = {
			isa = PBXTargetDependency;
			target = CFD3AC0E27ED656E00075868 /* MyExtract */;
			targetProxy = CFD3AC2A27ED657000075868 /* PBXContainerItemProxy */;
		};
/* End PBXTargetDependency section */

/* Begin XCBuildConfiguration section */
		CFD3AC3127ED657000075868 /* Debug */ = {
			isa = XCBuildConfiguration;
			buildSettings = {
				ALWAYS_SEARCH_USER_PATHS = NO;
				CLANG_ANALYZER_NONNULL = YES;
				CLANG_ANALYZER_NUMBER_OBJECT_CONVERSION = YES_AGGRESSIVE;
				CLANG_CXX_LANGUAGE_STANDARD = "gnu++17";
				CLANG_CXX_LIBRARY = "libc++";
				CLANG_ENABLE_MODULES = YES;
				CLANG_ENABLE_OBJC_ARC = YES;
				CLANG_ENABLE_OBJC_WEAK = YES;
				CLANG_WARN_BLOCK_CAPTURE_AUTORELEASING = YES;
				CLANG_WARN_BOOL_CONVERSION = YES;
				CLANG_WARN_COMMA = YES;
				CLANG_WARN_CONSTANT_CONVERSION = YES;
				CLANG_WARN_DEPRECATED_OBJC_IMPLEMENTATIONS = YES;
				CLANG_WARN_DIRECT_OBJC_ISA_USAGE = YES_ERROR;
				CLANG_WARN_DOCUMENTATION_COMMENTS = YES;
				CLANG_WARN_EMPTY_BODY = YES;
				CLANG_WARN_ENUM_CONVERSION = YES;
				CLANG_WARN_INFINITE_RECURSION = YES;
				CLANG_WARN_INT_CONVERSION = YES;
				CLANG_WARN_NON_LITERAL_NULL_CONVERSION = YES;
				CLANG_WARN_OBJC_IMPLICIT_RETAIN_SELF = YES;
				CLANG_WARN_OBJC_LITERAL_CONVERSION = YES;
				CLANG_WARN_OBJC_ROOT_CLASS = YES_ERROR;
				CLANG_WARN_QUOTED_INCLUDE_IN_FRAMEWORK_HEADER = YES;
				CLANG_WARN_RANGE_LOOP_ANALYSIS = YES;
				CLANG_WARN_STRICT_PROTOTYPES = YES;
				CLANG_WARN_SUSPICIOUS_MOVE = YES;
				CLANG_WARN_UNGUARDED_AVAILABILITY = YES_AGGRESSIVE;
				CLANG_WARN_UNREACHABLE_CODE = YES;
				CLANG_WARN__DUPLICATE_METHOD_MATCH = YES;
				COPY_PHASE_STRIP = NO;
				DEBUG_INFORMATION_FORMAT = dwarf;
				ENABLE_STRICT_OBJC_MSGSEND = YES;
				ENABLE_TESTABILITY = YES;
				GCC_C_LANGUAGE_STANDARD = gnu11;
				GCC_DYNAMIC_NO_PIC = NO;
				GCC_NO_COMMON_BLOCKS = YES;
				GCC_OPTIMIZATION_LEVEL = 0;
				GCC_PREPROCESSOR_DEFINITIONS = (
					"DEBUG=1",
					"$(inherited)",
				);
				GCC_WARN_64_TO_32_BIT_CONVERSION = YES;
				GCC_WARN_ABOUT_RETURN_TYPE = YES_ERROR;
				GCC_WARN_UNDECLARED_SELECTOR = YES;
				GCC_WARN_UNINITIALIZED_AUTOS = YES_AGGRESSIVE;
				GCC_WARN_UNUSED_FUNCTION = YES;
				GCC_WARN_UNUSED_VARIABLE = YES;
				IPHONEOS_DEPLOYMENT_TARGET = 15.0;
				MTL_ENABLE_DEBUG_INFO = INCLUDE_SOURCE;
				MTL_FAST_MATH = YES;
				ONLY_ACTIVE_ARCH = YES;
				SDKROOT = iphoneos;
				SWIFT_ACTIVE_COMPILATION_CONDITIONS = DEBUG;
				SWIFT_OPTIMIZATION_LEVEL = "-Onone";
			};
			name = Debug;
		};
		CFD3AC3227ED657000075868 /* Release */ = {
			isa = XCBuildConfiguration;
			buildSettings = {
				ALWAYS_SEARCH_USER_PATHS = NO;
				CLANG_ANALYZER_NONNULL = YES;
				CLANG_ANALYZER_NUMBER_OBJECT_CONVERSION = YES_AGGRESSIVE;
				CLANG_CXX_LANGUAGE_STANDARD = "gnu++17";
				CLANG_CXX_LIBRARY = "libc++";
				CLANG_ENABLE_MODULES = YES;
				CLANG_ENABLE_OBJC_ARC = YES;
				CLANG_ENABLE_OBJC_WEAK = YES;
				CLANG_WARN_BLOCK_CAPTURE_AUTORELEASING = YES;
				CLANG_WARN_BOOL_CONVERSION = YES;
				CLANG_WARN_COMMA = YES;
				CLANG_WARN_CONSTANT_CONVERSION = YES;
				CLANG_WARN_DEPRECATED_OBJC_IMPLEMENTATIONS = YES;
				CLANG_WARN_DIRECT_OBJC_ISA_USAGE = YES_ERROR;
				CLANG_WARN_DOCUMENTATION_COMMENTS = YES;
				CLANG_WARN_EMPTY_BODY = YES;
				CLANG_WARN_ENUM_CONVERSION = YES;
				CLANG_WARN_INFINITE_RECURSION = YES;
				CLANG_WARN_INT_CONVERSION = YES;
				CLANG_WARN_NON_LITERAL_NULL_CONVERSION = YES;
				CLANG_WARN_OBJC_IMPLICIT_RETAIN_SELF = YES;
				CLANG_WARN_OBJC_LITERAL_CONVERSION = YES;
				CLANG_WARN_OBJC_ROOT_CLASS = YES_ERROR;
				CLANG_WARN_QUOTED_INCLUDE_IN_FRAMEWORK_HEADER = YES;
				CLANG_WARN_RANGE_LOOP_ANALYSIS = YES;
				CLANG_WARN_STRICT_PROTOTYPES = YES;
				CLANG_WARN_SUSPICIOUS_MOVE = YES;
				CLANG_WARN_UNGUARDED_AVAILABILITY = YES_AGGRESSIVE;
				CLANG_WARN_UNREACHABLE_CODE = YES;
				CLANG_WARN__DUPLICATE_METHOD_MATCH = YES;
				COPY_PHASE_STRIP = NO;
				DEBUG_INFORMATION_FORMAT = "dwarf-with-dsym";
				ENABLE_NS_ASSERTIONS = NO;
				ENABLE_STRICT_OBJC_MSGSEND = YES;
				GCC_C_LANGUAGE_STANDARD = gnu11;
				GCC_NO_COMMON_BLOCKS = YES;
				GCC_WARN_64_TO_32_BIT_CONVERSION = YES;
				GCC_WARN_ABOUT_RETURN_TYPE = YES_ERROR;
				GCC_WARN_UNDECLARED_SELECTOR = YES;
				GCC_WARN_UNINITIALIZED_AUTOS = YES_AGGRESSIVE;
				GCC_WARN_UNUSED_FUNCTION = YES;
				GCC_WARN_UNUSED_VARIABLE = YES;
				IPHONEOS_DEPLOYMENT_TARGET = 15.0;
				MTL_ENABLE_DEBUG_INFO = NO;
				MTL_FAST_MATH = YES;
				SDKROOT = iphoneos;
				SWIFT_COMPILATION_MODE = wholemodule;
				SWIFT_OPTIMIZATION_LEVEL = "-O";
				VALIDATE_PRODUCT = YES;
			};
			name = Release;
		};
		CFD3AC3427ED657000075868 /* Debug */ = {
			isa = XCBuildConfiguration;
			buildSettings = {
				ASSETCATALOG_COMPILER_APPICON_NAME = AppIcon;
				ASSETCATALOG_COMPILER_GLOBAL_ACCENT_COLOR_NAME = AccentColor;
				CODE_SIGN_STYLE = Automatic;
				CURRENT_PROJECT_VERSION = 1;
				DEVELOPMENT_ASSET_PATHS = "\"MyExtract/Preview Content\"";
				DEVELOPMENT_TEAM = AYFPD222J2;
				ENABLE_PREVIEWS = YES;
				GENERATE_INFOPLIST_FILE = YES;
				INFOPLIST_KEY_UIApplicationSceneManifest_Generation = YES;
				INFOPLIST_KEY_UIApplicationSupportsIndirectInputEvents = YES;
				INFOPLIST_KEY_UILaunchScreen_Generation = YES;
				INFOPLIST_KEY_UISupportedInterfaceOrientations_iPad = "UIInterfaceOrientationPortrait UIInterfaceOrientationPortraitUpsideDown UIInterfaceOrientationLandscapeLeft UIInterfaceOrientationLandscapeRight";
				INFOPLIST_KEY_UISupportedInterfaceOrientations_iPhone = "UIInterfaceOrientationPortrait UIInterfaceOrientationLandscapeLeft UIInterfaceOrientationLandscapeRight";
				LD_RUNPATH_SEARCH_PATHS = (
					"$(inherited)",
					"@executable_path/Frameworks",
				);
				MARKETING_VERSION = 1.0;
				PRODUCT_BUNDLE_IDENTIFIER = com.rapha.MyExtract;
				PRODUCT_NAME = "$(TARGET_NAME)";
				SWIFT_EMIT_LOC_STRINGS = YES;
				SWIFT_VERSION = 5.0;
				TARGETED_DEVICE_FAMILY = "1,2";
			};
			name = Debug;
		};
		CFD3AC3527ED657000075868 /* Release */ = {
			isa = XCBuildConfiguration;
			buildSettings = {
				ASSETCATALOG_COMPILER_APPICON_NAME = AppIcon;
				ASSETCATALOG_COMPILER_GLOBAL_ACCENT_COLOR_NAME = AccentColor;
				CODE_SIGN_STYLE = Automatic;
				CURRENT_PROJECT_VERSION = 1;
				DEVELOPMENT_ASSET_PATHS = "\"MyExtract/Preview Content\"";
				DEVELOPMENT_TEAM = AYFPD222J2;
				ENABLE_PREVIEWS = YES;
				GENERATE_INFOPLIST_FILE = YES;
				INFOPLIST_KEY_UIApplicationSceneManifest_Generation = YES;
				INFOPLIST_KEY_UIApplicationSupportsIndirectInputEvents = YES;
				INFOPLIST_KEY_UILaunchScreen_Generation = YES;
				INFOPLIST_KEY_UISupportedInterfaceOrientations_iPad = "UIInterfaceOrientationPortrait UIInterfaceOrientationPortraitUpsideDown UIInterfaceOrientationLandscapeLeft UIInterfaceOrientationLandscapeRight";
				INFOPLIST_KEY_UISupportedInterfaceOrientations_iPhone = "UIInterfaceOrientationPortrait UIInterfaceOrientationLandscapeLeft UIInterfaceOrientationLandscapeRight";
				LD_RUNPATH_SEARCH_PATHS = (
					"$(inherited)",
					"@executable_path/Frameworks",
				);
				MARKETING_VERSION = 1.0;
				PRODUCT_BUNDLE_IDENTIFIER = com.rapha.MyExtract;
				PRODUCT_NAME = "$(TARGET_NAME)";
				SWIFT_EMIT_LOC_STRINGS = YES;
				SWIFT_VERSION = 5.0;
				TARGETED_DEVICE_FAMILY = "1,2";
			};
			name = Release;
		};
		CFD3AC3727ED657000075868 /* Debug */ = {
			isa = XCBuildConfiguration;
			buildSettings = {
				ALWAYS_EMBED_SWIFT_STANDARD_LIBRARIES = YES;
				BUNDLE_LOADER = "$(TEST_HOST)";
				CODE_SIGN_STYLE = Automatic;
				CURRENT_PROJECT_VERSION = 1;
				DEVELOPMENT_TEAM = AYFPD222J2;
				GENERATE_INFOPLIST_FILE = YES;
				IPHONEOS_DEPLOYMENT_TARGET = 15.0;
				LD_RUNPATH_SEARCH_PATHS = (
					"$(inherited)",
					"@executable_path/Frameworks",
					"@loader_path/Frameworks",
				);
				MARKETING_VERSION = 1.0;
				PRODUCT_BUNDLE_IDENTIFIER = com.rapha.MyExtractTests;
				PRODUCT_NAME = "$(TARGET_NAME)";
				SWIFT_EMIT_LOC_STRINGS = NO;
				SWIFT_VERSION = 5.0;
				TARGETED_DEVICE_FAMILY = "1,2";
				TEST_HOST = "$(BUILT_PRODUCTS_DIR)/MyExtract.app/MyExtract";
			};
			name = Debug;
		};
		CFD3AC3827ED657000075868 /* Release */ = {
			isa = XCBuildConfiguration;
			buildSettings = {
				ALWAYS_EMBED_SWIFT_STANDARD_LIBRARIES = YES;
				BUNDLE_LOADER = "$(TEST_HOST)";
				CODE_SIGN_STYLE = Automatic;
				CURRENT_PROJECT_VERSION = 1;
				DEVELOPMENT_TEAM = AYFPD222J2;
				GENERATE_INFOPLIST_FILE = YES;
				IPHONEOS_DEPLOYMENT_TARGET = 15.0;
				LD_RUNPATH_SEARCH_PATHS = (
					"$(inherited)",
					"@executable_path/Frameworks",
					"@loader_path/Frameworks",
				);
				MARKETING_VERSION = 1.0;
				PRODUCT_BUNDLE_IDENTIFIER = com.rapha.MyExtractTests;
				PRODUCT_NAME = "$(TARGET_NAME)";
				SWIFT_EMIT_LOC_STRINGS = NO;
				SWIFT_VERSION = 5.0;
				TARGETED_DEVICE_FAMILY = "1,2";
				TEST_HOST = "$(BUILT_PRODUCTS_DIR)/MyExtract.app/MyExtract";
			};
			name = Release;
		};
		CFD3AC3A27ED657000075868 /* Debug */ = {
			isa = XCBuildConfiguration;
			buildSettings = {
				ALWAYS_EMBED_SWIFT_STANDARD_LIBRARIES = YES;
				CODE_SIGN_STYLE = Automatic;
				CURRENT_PROJECT_VERSION = 1;
				DEVELOPMENT_TEAM = AYFPD222J2;
				GENERATE_INFOPLIST_FILE = YES;
				LD_RUNPATH_SEARCH_PATHS = (
					"$(inherited)",
					"@executable_path/Frameworks",
					"@loader_path/Frameworks",
				);
				MARKETING_VERSION = 1.0;
				PRODUCT_BUNDLE_IDENTIFIER = com.rapha.MyExtractUITests;
				PRODUCT_NAME = "$(TARGET_NAME)";
				SWIFT_EMIT_LOC_STRINGS = NO;
				SWIFT_VERSION = 5.0;
				TARGETED_DEVICE_FAMILY = "1,2";
				TEST_TARGET_NAME = MyExtract;
			};
			name = Debug;
		};
		CFD3AC3B27ED657000075868 /* Release */ = {
			isa = XCBuildConfiguration;
			buildSettings = {
				ALWAYS_EMBED_SWIFT_STANDARD_LIBRARIES = YES;
				CODE_SIGN_STYLE = Automatic;
				CURRENT_PROJECT_VERSION = 1;
				DEVELOPMENT_TEAM = AYFPD222J2;
				GENERATE_INFOPLIST_FILE = YES;
				LD_RUNPATH_SEARCH_PATHS = (
					"$(inherited)",
					"@executable_path/Frameworks",
					"@loader_path/Frameworks",
				);
				MARKETING_VERSION = 1.0;
				PRODUCT_BUNDLE_IDENTIFIER = com.rapha.MyExtractUITests;
				PRODUCT_NAME = "$(TARGET_NAME)";
				SWIFT_EMIT_LOC_STRINGS = NO;
				SWIFT_VERSION = 5.0;
				TARGETED_DEVICE_FAMILY = "1,2";
				TEST_TARGET_NAME = MyExtract;
			};
			name = Release;
		};
/* End XCBuildConfiguration section */

/* Begin XCConfigurationList section */
		CFD3AC0A27ED656E00075868 /* Build configuration list for PBXProject "MyExtract" */ = {
			isa = XCConfigurationList;
			buildConfigurations = (
				CFD3AC3127ED657000075868 /* Debug */,
				CFD3AC3227ED657000075868 /* Release */,
			);
			defaultConfigurationIsVisible = 0;
			defaultConfigurationName = Release;
		};
		CFD3AC3327ED657000075868 /* Build configuration list for PBXNativeTarget "MyExtract" */ = {
			isa = XCConfigurationList;
			buildConfigurations = (
				CFD3AC3427ED657000075868 /* Debug */,
				CFD3AC3527ED657000075868 /* Release */,
			);
			defaultConfigurationIsVisible = 0;
			defaultConfigurationName = Release;
		};
		CFD3AC3627ED657000075868 /* Build configuration list for PBXNativeTarget "MyExtractTests" */ = {
			isa = XCConfigurationList;
			buildConfigurations = (
				CFD3AC3727ED657000075868 /* Debug */,
				CFD3AC3827ED657000075868 /* Release */,
			);
			defaultConfigurationIsVisible = 0;
			defaultConfigurationName = Release;
		};
		CFD3AC3927ED657000075868 /* Build configuration list for PBXNativeTarget "MyExtractUITests" */ = {
			isa = XCConfigurationList;
			buildConfigurations = (
				CFD3AC3A27ED657000075868 /* Debug */,
				CFD3AC3B27ED657000075868 /* Release */,
			);
			defaultConfigurationIsVisible = 0;
			defaultConfigurationName = Release;
		};
/* End XCConfigurationList section */
	};
	rootObject = CFD3AC0727ED656E00075868 /* Project object */;
}
